
Microsoft Visual Studio Solution File, Format Version 12.00
# Visual Studio Version 17
VisualStudioVersion = 17.12.35506.116
MinimumVisualStudioVersion = 10.0.40219.1
Project("{FAE04EC0-301F-11D3-BF4B-00C04F79EFBC}") = "App01", "App01\App01.csproj", "{F07FEB63-645E-4EFE-A305-5C651849741D}"
EndProject
Project("{FAE04EC0-301F-11D3-BF4B-00C04F79EFBC}") = "App02", "App02\App02.csproj", "{413E3881-D68B-4893-BC04-59CDE1450233}"
EndProject
Project("{FAE04EC0-301F-11D3-BF4B-00C04F79EFBC}") = "App03", "App03\App03.csproj", "{4138E019-208E-485D-829C-9B3466335FA1}"
EndProject
Project("{FAE04EC0-301F-11D3-BF4B-00C04F79EFBC}") = "App04", "App04\App04.csproj", "{3235A20E-324E-4CD0-8199-153401D1F28A}"
EndProject
Project("{FAE04EC0-301F-11D3-BF4B-00C04F79EFBC}") = "App05", "App05\App05.csproj", "{DD9BF40B-3783-410C-BB2A-F17E2BB50ACE}"
EndProject
Project("{FAE04EC0-301F-11D3-BF4B-00C04F79EFBC}") = "App06", "App06\App06.csproj", "{D26016F0-348E-4F6B-9890-CBCE5D5BAD34}"
EndProject
Project("{FAE04EC0-301F-11D3-BF4B-00C04F79EFBC}") = "App07", "App07\App07.csproj", "{22917EBD-EF13-4854-A605-1FEDC16BEDD9}"
EndProject
Project("{FAE04EC0-301F-11D3-BF4B-00C04F79EFBC}") = "App08", "App08\App08.csproj", "{8B8FD793-7643-4E1D-A4F9-4B12BBBD2F2F}"
EndProject
Project("{FAE04EC0-301F-11D3-BF4B-00C04F79EFBC}") = "App09", "App09\App09.csproj", "{0C7BECA1-2643-4C6D-85EB-FCC0CC0CE4AD}"
EndProject
Project("{FAE04EC0-301F-11D3-BF4B-00C04F79EFBC}") = "App10", "..\..\..\source\repos\Curs CSharp IT School 01\App10\App10.csproj", "{4CC1F8D6-8FD8-4904-ADC0-1EE93BE2E2DF}"
EndProject
Project("{FAE04EC0-301F-11D3-BF4B-00C04F79EFBC}") = "App11", "App11\App11.csproj", "{7B241EE1-0FF5-4F26-B929-291A04B6B9CE}"
EndProject
Project("{FAE04EC0-301F-11D3-BF4B-00C04F79EFBC}") = "App12", "App12\App12.csproj", "{22CE51DD-FCF2-4A69-87D1-94EB67014EAB}"
EndProject
Project("{FAE04EC0-301F-11D3-BF4B-00C04F79EFBC}") = "App13", "App13\App13.csproj", "{DD64809E-DC0E-47A9-AF93-E45F55EC5882}"
EndProject
Project("{FAE04EC0-301F-11D3-BF4B-00C04F79EFBC}") = "App14", "App14\App14.csproj", "{69590976-C645-4285-9F39-DE3A7E2BD6F3}"
EndProject
Project("{FAE04EC0-301F-11D3-BF4B-00C04F79EFBC}") = "ApplicationController", "ApplicationController\ApplicationController.csproj", "{890C4D23-6F44-4D7B-92AD-678AD51EB132}"
EndProject
Project("{FAE04EC0-301F-11D3-BF4B-00C04F79EFBC}") = "Tema01", "Tema1\Tema01.csproj", "{81C95FA5-EA0D-4045-9279-01EC7D9E38E4}"
EndProject
Project("{FAE04EC0-301F-11D3-BF4B-00C04F79EFBC}") = "Tema02", "Tema02\Tema02.csproj", "{3F5D49EE-6D1C-4CB6-BC5D-3AEC96D78F5F}"
EndProject
Project("{FAE04EC0-301F-11D3-BF4B-00C04F79EFBC}") = "Tema03", "Tema03\Tema03.csproj", "{26D6B2C1-1BC5-4575-A6D6-2D1C82AE329B}"
EndProject
Project("{FAE04EC0-301F-11D3-BF4B-00C04F79EFBC}") = "Tema04", "Tema04\Tema04.csproj", "{8D06FECA-CC1C-42B6-A44E-807920FF2503}"
EndProject
Project("{FAE04EC0-301F-11D3-BF4B-00C04F79EFBC}") = "ITSchool.AppUtilities", "ITSchool.AppUtilities\ITSchool.AppUtilities.csproj", "{F50E81E6-CBC2-40FE-8B0F-75BE52608511}"
EndProject
Project("{FAE04EC0-301F-11D3-BF4B-00C04F79EFBC}") = "ClasaAbstracta", "ClasaAbstracta\ClasaAbstracta.csproj", "{DCC669E4-121A-4E4F-8012-651E6ED8479A}"
EndProject
Project("{FAE04EC0-301F-11D3-BF4B-00C04F79EFBC}") = "App15", "App15\App15.csproj", "{3F4CCD73-3BBE-49A8-802A-18B8CFE2CF89}"
EndProject
Project("{FAE04EC0-301F-11D3-BF4B-00C04F79EFBC}") = "App16", "App16\App16.csproj", "{3C6CBC09-C03D-4E6F-B45B-3995E3CD31A9}"
EndProject
Project("{FAE04EC0-301F-11D3-BF4B-00C04F79EFBC}") = "App17", "App17\App17.csproj", "{A39B12E1-8B13-4263-8199-42AE208EF2AD}"
EndProject
Global
	GlobalSection(SolutionConfigurationPlatforms) = preSolution
		Debug|Any CPU = Debug|Any CPU
		Release|Any CPU = Release|Any CPU
	EndGlobalSection
	GlobalSection(ProjectConfigurationPlatforms) = postSolution
		{F07FEB63-645E-4EFE-A305-5C651849741D}.Debug|Any CPU.ActiveCfg = Debug|Any CPU
		{F07FEB63-645E-4EFE-A305-5C651849741D}.Debug|Any CPU.Build.0 = Debug|Any CPU
		{F07FEB63-645E-4EFE-A305-5C651849741D}.Release|Any CPU.ActiveCfg = Release|Any CPU
		{F07FEB63-645E-4EFE-A305-5C651849741D}.Release|Any CPU.Build.0 = Release|Any CPU
		{413E3881-D68B-4893-BC04-59CDE1450233}.Debug|Any CPU.ActiveCfg = Debug|Any CPU
		{413E3881-D68B-4893-BC04-59CDE1450233}.Debug|Any CPU.Build.0 = Debug|Any CPU
		{413E3881-D68B-4893-BC04-59CDE1450233}.Release|Any CPU.ActiveCfg = Release|Any CPU
		{413E3881-D68B-4893-BC04-59CDE1450233}.Release|Any CPU.Build.0 = Release|Any CPU
		{4138E019-208E-485D-829C-9B3466335FA1}.Debug|Any CPU.ActiveCfg = Debug|Any CPU
		{4138E019-208E-485D-829C-9B3466335FA1}.Debug|Any CPU.Build.0 = Debug|Any CPU
		{4138E019-208E-485D-829C-9B3466335FA1}.Release|Any CPU.ActiveCfg = Release|Any CPU
		{4138E019-208E-485D-829C-9B3466335FA1}.Release|Any CPU.Build.0 = Release|Any CPU
		{3235A20E-324E-4CD0-8199-153401D1F28A}.Debug|Any CPU.ActiveCfg = Debug|Any CPU
		{3235A20E-324E-4CD0-8199-153401D1F28A}.Debug|Any CPU.Build.0 = Debug|Any CPU
		{3235A20E-324E-4CD0-8199-153401D1F28A}.Release|Any CPU.ActiveCfg = Release|Any CPU
		{3235A20E-324E-4CD0-8199-153401D1F28A}.Release|Any CPU.Build.0 = Release|Any CPU
		{DD9BF40B-3783-410C-BB2A-F17E2BB50ACE}.Debug|Any CPU.ActiveCfg = Debug|Any CPU
		{DD9BF40B-3783-410C-BB2A-F17E2BB50ACE}.Debug|Any CPU.Build.0 = Debug|Any CPU
		{DD9BF40B-3783-410C-BB2A-F17E2BB50ACE}.Release|Any CPU.ActiveCfg = Release|Any CPU
		{DD9BF40B-3783-410C-BB2A-F17E2BB50ACE}.Release|Any CPU.Build.0 = Release|Any CPU
		{D26016F0-348E-4F6B-9890-CBCE5D5BAD34}.Debug|Any CPU.ActiveCfg = Debug|Any CPU
		{D26016F0-348E-4F6B-9890-CBCE5D5BAD34}.Debug|Any CPU.Build.0 = Debug|Any CPU
		{D26016F0-348E-4F6B-9890-CBCE5D5BAD34}.Release|Any CPU.ActiveCfg = Release|Any CPU
		{D26016F0-348E-4F6B-9890-CBCE5D5BAD34}.Release|Any CPU.Build.0 = Release|Any CPU
		{22917EBD-EF13-4854-A605-1FEDC16BEDD9}.Debug|Any CPU.ActiveCfg = Debug|Any CPU
		{22917EBD-EF13-4854-A605-1FEDC16BEDD9}.Debug|Any CPU.Build.0 = Debug|Any CPU
		{22917EBD-EF13-4854-A605-1FEDC16BEDD9}.Release|Any CPU.ActiveCfg = Release|Any CPU
		{22917EBD-EF13-4854-A605-1FEDC16BEDD9}.Release|Any CPU.Build.0 = Release|Any CPU
		{8B8FD793-7643-4E1D-A4F9-4B12BBBD2F2F}.Debug|Any CPU.ActiveCfg = Debug|Any CPU
		{8B8FD793-7643-4E1D-A4F9-4B12BBBD2F2F}.Debug|Any CPU.Build.0 = Debug|Any CPU
		{8B8FD793-7643-4E1D-A4F9-4B12BBBD2F2F}.Release|Any CPU.ActiveCfg = Release|Any CPU
		{8B8FD793-7643-4E1D-A4F9-4B12BBBD2F2F}.Release|Any CPU.Build.0 = Release|Any CPU
		{0C7BECA1-2643-4C6D-85EB-FCC0CC0CE4AD}.Debug|Any CPU.ActiveCfg = Debug|Any CPU
		{0C7BECA1-2643-4C6D-85EB-FCC0CC0CE4AD}.Debug|Any CPU.Build.0 = Debug|Any CPU
		{0C7BECA1-2643-4C6D-85EB-FCC0CC0CE4AD}.Release|Any CPU.ActiveCfg = Release|Any CPU
		{0C7BECA1-2643-4C6D-85EB-FCC0CC0CE4AD}.Release|Any CPU.Build.0 = Release|Any CPU
		{4CC1F8D6-8FD8-4904-ADC0-1EE93BE2E2DF}.Debug|Any CPU.ActiveCfg = Debug|Any CPU
		{4CC1F8D6-8FD8-4904-ADC0-1EE93BE2E2DF}.Debug|Any CPU.Build.0 = Debug|Any CPU
		{4CC1F8D6-8FD8-4904-ADC0-1EE93BE2E2DF}.Release|Any CPU.ActiveCfg = Release|Any CPU
		{4CC1F8D6-8FD8-4904-ADC0-1EE93BE2E2DF}.Release|Any CPU.Build.0 = Release|Any CPU
		{7B241EE1-0FF5-4F26-B929-291A04B6B9CE}.Debug|Any CPU.ActiveCfg = Debug|Any CPU
		{7B241EE1-0FF5-4F26-B929-291A04B6B9CE}.Debug|Any CPU.Build.0 = Debug|Any CPU
		{7B241EE1-0FF5-4F26-B929-291A04B6B9CE}.Release|Any CPU.ActiveCfg = Release|Any CPU
		{7B241EE1-0FF5-4F26-B929-291A04B6B9CE}.Release|Any CPU.Build.0 = Release|Any CPU
		{22CE51DD-FCF2-4A69-87D1-94EB67014EAB}.Debug|Any CPU.ActiveCfg = Debug|Any CPU
		{22CE51DD-FCF2-4A69-87D1-94EB67014EAB}.Debug|Any CPU.Build.0 = Debug|Any CPU
		{22CE51DD-FCF2-4A69-87D1-94EB67014EAB}.Release|Any CPU.ActiveCfg = Release|Any CPU
		{22CE51DD-FCF2-4A69-87D1-94EB67014EAB}.Release|Any CPU.Build.0 = Release|Any CPU
		{DD64809E-DC0E-47A9-AF93-E45F55EC5882}.Debug|Any CPU.ActiveCfg = Debug|Any CPU
		{DD64809E-DC0E-47A9-AF93-E45F55EC5882}.Debug|Any CPU.Build.0 = Debug|Any CPU
		{DD64809E-DC0E-47A9-AF93-E45F55EC5882}.Release|Any CPU.ActiveCfg = Release|Any CPU
		{DD64809E-DC0E-47A9-AF93-E45F55EC5882}.Release|Any CPU.Build.0 = Release|Any CPU
		{69590976-C645-4285-9F39-DE3A7E2BD6F3}.Debug|Any CPU.ActiveCfg = Debug|Any CPU
		{69590976-C645-4285-9F39-DE3A7E2BD6F3}.Debug|Any CPU.Build.0 = Debug|Any CPU
		{69590976-C645-4285-9F39-DE3A7E2BD6F3}.Release|Any CPU.ActiveCfg = Release|Any CPU
		{69590976-C645-4285-9F39-DE3A7E2BD6F3}.Release|Any CPU.Build.0 = Release|Any CPU
		{890C4D23-6F44-4D7B-92AD-678AD51EB132}.Debug|Any CPU.ActiveCfg = Debug|Any CPU
		{890C4D23-6F44-4D7B-92AD-678AD51EB132}.Debug|Any CPU.Build.0 = Debug|Any CPU
		{890C4D23-6F44-4D7B-92AD-678AD51EB132}.Release|Any CPU.ActiveCfg = Release|Any CPU
		{890C4D23-6F44-4D7B-92AD-678AD51EB132}.Release|Any CPU.Build.0 = Release|Any CPU
		{81C95FA5-EA0D-4045-9279-01EC7D9E38E4}.Debug|Any CPU.ActiveCfg = Debug|Any CPU
		{81C95FA5-EA0D-4045-9279-01EC7D9E38E4}.Debug|Any CPU.Build.0 = Debug|Any CPU
		{81C95FA5-EA0D-4045-9279-01EC7D9E38E4}.Release|Any CPU.ActiveCfg = Release|Any CPU
		{81C95FA5-EA0D-4045-9279-01EC7D9E38E4}.Release|Any CPU.Build.0 = Release|Any CPU
		{3F5D49EE-6D1C-4CB6-BC5D-3AEC96D78F5F}.Debug|Any CPU.ActiveCfg = Debug|Any CPU
		{3F5D49EE-6D1C-4CB6-BC5D-3AEC96D78F5F}.Debug|Any CPU.Build.0 = Debug|Any CPU
		{3F5D49EE-6D1C-4CB6-BC5D-3AEC96D78F5F}.Release|Any CPU.ActiveCfg = Release|Any CPU
		{3F5D49EE-6D1C-4CB6-BC5D-3AEC96D78F5F}.Release|Any CPU.Build.0 = Release|Any CPU
		{26D6B2C1-1BC5-4575-A6D6-2D1C82AE329B}.Debug|Any CPU.ActiveCfg = Debug|Any CPU
		{26D6B2C1-1BC5-4575-A6D6-2D1C82AE329B}.Debug|Any CPU.Build.0 = Debug|Any CPU
		{26D6B2C1-1BC5-4575-A6D6-2D1C82AE329B}.Release|Any CPU.ActiveCfg = Release|Any CPU
		{26D6B2C1-1BC5-4575-A6D6-2D1C82AE329B}.Release|Any CPU.Build.0 = Release|Any CPU
		{8D06FECA-CC1C-42B6-A44E-807920FF2503}.Debug|Any CPU.ActiveCfg = Debug|Any CPU
		{8D06FECA-CC1C-42B6-A44E-807920FF2503}.Debug|Any CPU.Build.0 = Debug|Any CPU
		{8D06FECA-CC1C-42B6-A44E-807920FF2503}.Release|Any CPU.ActiveCfg = Release|Any CPU
		{8D06FECA-CC1C-42B6-A44E-807920FF2503}.Release|Any CPU.Build.0 = Release|Any CPU
		{F50E81E6-CBC2-40FE-8B0F-75BE52608511}.Debug|Any CPU.ActiveCfg = Debug|Any CPU
		{F50E81E6-CBC2-40FE-8B0F-75BE52608511}.Debug|Any CPU.Build.0 = Debug|Any CPU
		{F50E81E6-CBC2-40FE-8B0F-75BE52608511}.Release|Any CPU.ActiveCfg = Release|Any CPU
		{F50E81E6-CBC2-40FE-8B0F-75BE52608511}.Release|Any CPU.Build.0 = Release|Any CPU
		{DCC669E4-121A-4E4F-8012-651E6ED8479A}.Debug|Any CPU.ActiveCfg = Debug|Any CPU
		{DCC669E4-121A-4E4F-8012-651E6ED8479A}.Debug|Any CPU.Build.0 = Debug|Any CPU
		{DCC669E4-121A-4E4F-8012-651E6ED8479A}.Release|Any CPU.ActiveCfg = Release|Any CPU
		{DCC669E4-121A-4E4F-8012-651E6ED8479A}.Release|Any CPU.Build.0 = Release|Any CPU
		{3F4CCD73-3BBE-49A8-802A-18B8CFE2CF89}.Debug|Any CPU.ActiveCfg = Debug|Any CPU
		{3F4CCD73-3BBE-49A8-802A-18B8CFE2CF89}.Debug|Any CPU.Build.0 = Debug|Any CPU
		{3F4CCD73-3BBE-49A8-802A-18B8CFE2CF89}.Release|Any CPU.ActiveCfg = Release|Any CPU
		{3F4CCD73-3BBE-49A8-802A-18B8CFE2CF89}.Release|Any CPU.Build.0 = Release|Any CPU
		{3C6CBC09-C03D-4E6F-B45B-3995E3CD31A9}.Debug|Any CPU.ActiveCfg = Debug|Any CPU
		{3C6CBC09-C03D-4E6F-B45B-3995E3CD31A9}.Debug|Any CPU.Build.0 = Debug|Any CPU
		{3C6CBC09-C03D-4E6F-B45B-3995E3CD31A9}.Release|Any CPU.ActiveCfg = Release|Any CPU
		{3C6CBC09-C03D-4E6F-B45B-3995E3CD31A9}.Release|Any CPU.Build.0 = Release|Any CPU
		{A39B12E1-8B13-4263-8199-42AE208EF2AD}.Debug|Any CPU.ActiveCfg = Debug|Any CPU
		{A39B12E1-8B13-4263-8199-42AE208EF2AD}.Debug|Any CPU.Build.0 = Debug|Any CPU
		{A39B12E1-8B13-4263-8199-42AE208EF2AD}.Release|Any CPU.ActiveCfg = Release|Any CPU
		{A39B12E1-8B13-4263-8199-42AE208EF2AD}.Release|Any CPU.Build.0 = Release|Any CPU
	EndGlobalSection
	GlobalSection(SolutionProperties) = preSolution
		HideSolutionNode = FALSE
	EndGlobalSection
EndGlobal
